	<Project xmlns="http://schemas.microsoft.com/developer/msbuild/2003">
		<PropertyGroup>
			<ProjectGuid>{DE11425F-14B0-4644-BC78-CB087A21F54D}</ProjectGuid>
			<MainSource>UCLPackage_D2010.dpk</MainSource>
			<Config Condition="'$(Config)'==''">Debug</Config>
			<DCC_DCCCompiler>DCC32</DCC_DCCCompiler>
			<ProjectVersion>12.0</ProjectVersion>
		</PropertyGroup>
		<PropertyGroup Condition="'$(Config)'=='Base' or '$(Base)'!=''">
			<Base>true</Base>
		</PropertyGroup>
		<PropertyGroup Condition="'$(Config)'=='Release' or '$(Cfg_1)'!=''">
			<Cfg_1>true</Cfg_1>
			<CfgParent>Base</CfgParent>
			<Base>true</Base>
		</PropertyGroup>
		<PropertyGroup Condition="'$(Config)'=='Debug' or '$(Cfg_2)'!=''">
			<Cfg_2>true</Cfg_2>
			<CfgParent>Base</CfgParent>
			<Base>true</Base>
		</PropertyGroup>
		<PropertyGroup Condition="'$(Base)'!=''">
			<DCC_Define>DEBUG;$(DCC_Define)</DCC_Define>
			<DCC_UnitAlias>WinTypes=Windows;WinProcs=Windows;$(DCC_UnitAlias)</DCC_UnitAlias>
			<DCC_DependencyCheckOutputName>C:\Users\Public\Documents\RAD Studio\7.0\Bpl\UCLPackage_D2010.bpl</DCC_DependencyCheckOutputName>
			<GenPackage>true</GenPackage>
			<GenDll>true</GenDll>
			<DCC_ImageBase>00400000</DCC_ImageBase>
			<DCC_Platform>x86</DCC_Platform>
		</PropertyGroup>
		<PropertyGroup Condition="'$(Cfg_1)'!=''">
			<DCC_LocalDebugSymbols>false</DCC_LocalDebugSymbols>
			<DCC_Define>RELEASE;$(DCC_Define)</DCC_Define>
			<DCC_SymbolReferenceInfo>0</DCC_SymbolReferenceInfo>
			<DCC_DebugInformation>false</DCC_DebugInformation>
		</PropertyGroup>
		<PropertyGroup Condition="'$(Cfg_2)'!=''">
			<DCC_MapFile>3</DCC_MapFile>
		</PropertyGroup>
		<ItemGroup>
			<DelphiCompile Include="UCLPackage_D2010.dpk">
				<MainSource>MainSource</MainSource>
			</DelphiCompile>
			<DCCReference Include="rtl.dcp"/>
			<DCCReference Include="vcl.dcp"/>
			<DCCReference Include="VclSmp.dcp"/>
			<DCCReference Include="vclimg.dcp"/>
			<DCCReference Include="RegisterPackage_UCL.pas"/>
			<DCCReference Include="Sources\UCL.Classes.pas"/>
			<DCCReference Include="Sources\UCL.IntAnimation.Collection.pas"/>
			<DCCReference Include="Sources\UCL.IntAnimation.Helpers.pas"/>
			<DCCReference Include="Sources\UCL.IntAnimation.pas"/>
			<DCCReference Include="Sources\UCL.SystemSettings.pas"/>
			<DCCReference Include="Sources\UCL.TUButton.pas"/>
			<DCCReference Include="Sources\UCL.TUCaptionBar.pas"/>
			<DCCReference Include="Sources\UCL.TUCheckBox.pas"/>
			<DCCReference Include="Sources\UCL.TUEdit.pas"/>
			<DCCReference Include="Sources\UCL.TUForm.pas"/>
			<DCCReference Include="Sources\UCL.TUHyperLink.pas"/>
			<DCCReference Include="Sources\UCL.TUItemButton.pas"/>
			<DCCReference Include="Sources\UCL.TUPanel.pas"/>
			<DCCReference Include="Sources\UCL.TUProgressBar.pas"/>
			<DCCReference Include="Sources\UCL.TURadioButton.pas"/>
			<DCCReference Include="Sources\UCL.TUScrollBox.pas"/>
			<DCCReference Include="Sources\UCL.TUSeparator.pas"/>
			<DCCReference Include="Sources\UCL.TUSlider.pas"/>
			<DCCReference Include="Sources\UCL.TUSymbolButton.pas"/>
			<DCCReference Include="Sources\UCL.TUText.pas"/>
			<DCCReference Include="Sources\UCL.TUThemeManager.pas"/>
			<DCCReference Include="Sources\UCL.Utils.pas"/>
			<DCCReference Include="Sources\UCL.Graphics.pas"/>
			<DCCReference Include="Sources\UCL.TUPopupMenu.pas"/>
			<DCCReference Include="Sources\UCL.TUQuickButton.pas"/>
			<DCCReference Include="Sources\UCL.TUTitleBar.pas"/>
			<DCCReference Include="Sources\UCL.TUShadow.pas"/>
			<DCCReference Include="Sources\UCL.TUTooltip.pas"/>
			<DCCReference Include="Sources\UCL.TUSmoothBox.pas"/>
			<DCCReference Include="Sources\UCL.Types.pas"/>
			<DCCReference Include="Sources\UCL.ShellUIScaling.pas"/>
			<RcItem Include="Resources\TUText.bmp">
				<ResourceType>Bitmap</ResourceType>
				<ResourceId>TUText</ResourceId>
			</RcItem>
			<RcItem Include="Resources\TUButton.bmp">
				<ResourceType>Bitmap</ResourceType>
				<ResourceId>TUButton</ResourceId>
			</RcItem>
			<RcItem Include="Resources\TUCaptionBar.bmp">
				<ResourceType>Bitmap</ResourceType>
				<ResourceId>TUCaptionBar</ResourceId>
			</RcItem>
			<RcItem Include="Resources\TUCheckBox.bmp">
				<ResourceType>Bitmap</ResourceType>
				<ResourceId>TUCheckBox</ResourceId>
			</RcItem>
			<RcItem Include="Resources\TUEdit.bmp">
				<ResourceType>Bitmap</ResourceType>
				<ResourceId>TUEdit</ResourceId>
			</RcItem>
			<RcItem Include="Resources\TUHyperLink.bmp">
				<ResourceType>Bitmap</ResourceType>
				<ResourceId>TUHyperLink</ResourceId>
			</RcItem>
			<RcItem Include="Resources\TUPanel.bmp">
				<ResourceType>Bitmap</ResourceType>
				<ResourceId>TUPanel</ResourceId>
			</RcItem>
			<RcItem Include="Resources\TUQuickButton.bmp">
				<ResourceType>Bitmap</ResourceType>
				<ResourceId>TUQuickButton</ResourceId>
			</RcItem>
			<RcItem Include="Resources\TURadioButton.bmp">
				<ResourceType>Bitmap</ResourceType>
				<ResourceId>TURadioButton</ResourceId>
			</RcItem>
			<RcItem Include="Resources\TUSeparator.bmp">
				<ResourceType>Bitmap</ResourceType>
				<ResourceId>TUSeparator</ResourceId>
			</RcItem>
			<RcItem Include="Resources\TUSlider.bmp">
				<ResourceType>Bitmap</ResourceType>
				<ResourceId>TUSlider</ResourceId>
			</RcItem>
			<RcItem Include="Resources\TUThemeManager.bmp">
				<ResourceType>Bitmap</ResourceType>
				<ResourceId>TUThemeManager</ResourceId>
			</RcItem>
			<RcItem Include="Resources\TUTitleBar.bmp">
				<ResourceType>Bitmap</ResourceType>
				<ResourceId>TUTitleBar</ResourceId>
			</RcItem>
			<RcItem Include="Resources\TUItemButton.bmp">
				<ResourceType>Bitmap</ResourceType>
				<ResourceId>TUItemButton</ResourceId>
			</RcItem>
			<RcItem Include="Resources\TUProgressBar.bmp">
				<ResourceType>Bitmap</ResourceType>
				<ResourceId>TUProgressBar</ResourceId>
			</RcItem>
			<RcItem Include="Resources\TUShadow.bmp">
				<ResourceType>Bitmap</ResourceType>
				<ResourceId>TUShadow</ResourceId>
			</RcItem>
			<BuildConfiguration Include="Base">
				<Key>Base</Key>
			</BuildConfiguration>
			<BuildConfiguration Include="Release">
				<Key>Cfg_1</Key>
				<CfgParent>Base</CfgParent>
			</BuildConfiguration>
			<BuildConfiguration Include="Debug">
				<Key>Cfg_2</Key>
				<CfgParent>Base</CfgParent>
			</BuildConfiguration>
		</ItemGroup>
		<Import Project="$(BDS)\Bin\CodeGear.Delphi.Targets" Condition="Exists('$(BDS)\Bin\CodeGear.Delphi.Targets')"/>
		<ProjectExtensions>
			<Borland.Personality>Delphi.Personality.12</Borland.Personality>
			<Borland.ProjectType>Package</Borland.ProjectType>
			<BorlandProject>
				<Delphi.Personality>
					<Source>
						<Source Name="MainSource">UCLPackage_D2010.dpk</Source>
					</Source>
					<Parameters>
						<Parameters Name="UseLauncher">False</Parameters>
						<Parameters Name="LoadAllSymbols">True</Parameters>
						<Parameters Name="LoadUnspecifiedSymbols">False</Parameters>
					</Parameters>
					<VersionInfo>
						<VersionInfo Name="IncludeVerInfo">False</VersionInfo>
						<VersionInfo Name="AutoIncBuild">False</VersionInfo>
						<VersionInfo Name="MajorVer">1</VersionInfo>
						<VersionInfo Name="MinorVer">0</VersionInfo>
						<VersionInfo Name="Release">0</VersionInfo>
						<VersionInfo Name="Build">0</VersionInfo>
						<VersionInfo Name="Debug">False</VersionInfo>
						<VersionInfo Name="PreRelease">False</VersionInfo>
						<VersionInfo Name="Special">False</VersionInfo>
						<VersionInfo Name="Private">False</VersionInfo>
						<VersionInfo Name="DLL">False</VersionInfo>
						<VersionInfo Name="Locale">1045</VersionInfo>
						<VersionInfo Name="CodePage">1250</VersionInfo>
					</VersionInfo>
					<VersionInfoKeys>
						<VersionInfoKeys Name="CompanyName"/>
						<VersionInfoKeys Name="FileDescription"/>
						<VersionInfoKeys Name="FileVersion">1.0.0.0</VersionInfoKeys>
						<VersionInfoKeys Name="InternalName"/>
						<VersionInfoKeys Name="LegalCopyright"/>
						<VersionInfoKeys Name="LegalTrademarks"/>
						<VersionInfoKeys Name="OriginalFilename"/>
						<VersionInfoKeys Name="ProductName"/>
						<VersionInfoKeys Name="ProductVersion">1.0.0.0</VersionInfoKeys>
						<VersionInfoKeys Name="Comments"/>
					</VersionInfoKeys>
					<Excluded_Packages>
						<Excluded_Packages Name="C:\Users\Public\Documents\RAD Studio\7.0\Bpl\MT4DelphiBridge_BDS2006.bpl">ViteSoft - MT4DelphiBridge Component</Excluded_Packages>
						<Excluded_Packages Name="C:\Users\Public\Documents\RAD Studio\7.0\Bpl\fr9.bpl">FastReport 2.5 Components</Excluded_Packages>
					</Excluded_Packages>
				</Delphi.Personality>
			</BorlandProject>
			<ProjectFileVersion>12</ProjectFileVersion>
		</ProjectExtensions>
	</Project>
